
Microsoft Visual Studio Solution File, Format Version 12.00
# Visual Studio Version 17
VisualStudioVersion = 17.7.34024.191
MinimumVisualStudioVersion = 10.0.40219.1
Project("{FAE04EC0-301F-11D3-BF4B-00C04F79EFBC}") = "Demo02_Versioning", "Demo02_Versioning\Demo02_Versioning.csproj", "{11BAB291-9F79-41EA-8A69-74C1AB9A3431}"
EndProject
Global
	GlobalSection(SolutionConfigurationPlatforms) = preSolution
		Debug|Any CPU = Debug|Any CPU
		Release|Any CPU = Release|Any CPU
	EndGlobalSection
	GlobalSection(ProjectConfigurationPlatforms) = postSolution
		{11BAB291-9F79-41EA-8A69-74C1AB9A3431}.Debug|Any CPU.ActiveCfg = Debug|Any CPU
		{11BAB291-9F79-41EA-8A69-74C1AB9A3431}.Debug|Any CPU.Build.0 = Debug|Any CPU
		{11BAB291-9F79-41EA-8A69-74C1AB9A3431}.Release|Any CPU.ActiveCfg = Release|Any CPU
		{11BAB291-9F79-41EA-8A69-74C1AB9A3431}.Release|Any CPU.Build.0 = Release|Any CPU
	EndGlobalSection
	GlobalSection(SolutionProperties) = preSolution
		HideSolutionNode = FALSE
	EndGlobalSection
	GlobalSection(ExtensibilityGlobals) = postSolution
		SolutionGuid = {5D943424-25BA-465C-95AE-FFE0EC67D813}
	EndGlobalSection
EndGlobal
