
Microsoft Visual Studio Solution File, Format Version 12.00
# Visual Studio Version 17
VisualStudioVersion = 17.7.34024.191
MinimumVisualStudioVersion = 10.0.40219.1
Project("{FAE04EC0-301F-11D3-BF4B-00C04F79EFBC}") = "02.Slot2_Exercise", "02.Slot2_Exercise\02.Slot2_Exercise.csproj", "{87F61776-628E-4119-9BD3-5135EE9AEE12}"
EndProject
Global
	GlobalSection(SolutionConfigurationPlatforms) = preSolution
		Debug|Any CPU = Debug|Any CPU
		Release|Any CPU = Release|Any CPU
	EndGlobalSection
	GlobalSection(ProjectConfigurationPlatforms) = postSolution
		{87F61776-628E-4119-9BD3-5135EE9AEE12}.Debug|Any CPU.ActiveCfg = Debug|Any CPU
		{87F61776-628E-4119-9BD3-5135EE9AEE12}.Debug|Any CPU.Build.0 = Debug|Any CPU
		{87F61776-628E-4119-9BD3-5135EE9AEE12}.Release|Any CPU.ActiveCfg = Release|Any CPU
		{87F61776-628E-4119-9BD3-5135EE9AEE12}.Release|Any CPU.Build.0 = Release|Any CPU
	EndGlobalSection
	GlobalSection(SolutionProperties) = preSolution
		HideSolutionNode = FALSE
	EndGlobalSection
	GlobalSection(ExtensibilityGlobals) = postSolution
		SolutionGuid = {C0CE48ED-DEEB-4E74-8332-FDB3E4F9E80C}
	EndGlobalSection
EndGlobal
