
Microsoft Visual Studio Solution File, Format Version 12.00
# Visual Studio Version 17
VisualStudioVersion = 17.7.34024.191
MinimumVisualStudioVersion = 10.0.40219.1
Project("{9A19103F-16F7-4668-BE54-9A1E7A4F7556}") = "EntityProgram", "EntityProgram\EntityProgram.csproj", "{8D286493-2863-4C8F-8473-8B6A2E1C8D4A}"
EndProject
Project("{FAE04EC0-301F-11D3-BF4B-00C04F79EFBC}") = "ManageCategoriesApp", "ManageCategoriesApp\ManageCategoriesApp.csproj", "{48B0D6CB-CBD0-45B9-A636-92147F324CF5}"
EndProject
Global
	GlobalSection(SolutionConfigurationPlatforms) = preSolution
		Debug|Any CPU = Debug|Any CPU
		Release|Any CPU = Release|Any CPU
	EndGlobalSection
	GlobalSection(ProjectConfigurationPlatforms) = postSolution
		{8D286493-2863-4C8F-8473-8B6A2E1C8D4A}.Debug|Any CPU.ActiveCfg = Debug|Any CPU
		{8D286493-2863-4C8F-8473-8B6A2E1C8D4A}.Debug|Any CPU.Build.0 = Debug|Any CPU
		{8D286493-2863-4C8F-8473-8B6A2E1C8D4A}.Release|Any CPU.ActiveCfg = Release|Any CPU
		{8D286493-2863-4C8F-8473-8B6A2E1C8D4A}.Release|Any CPU.Build.0 = Release|Any CPU
		{48B0D6CB-CBD0-45B9-A636-92147F324CF5}.Debug|Any CPU.ActiveCfg = Debug|Any CPU
		{48B0D6CB-CBD0-45B9-A636-92147F324CF5}.Debug|Any CPU.Build.0 = Debug|Any CPU
		{48B0D6CB-CBD0-45B9-A636-92147F324CF5}.Release|Any CPU.ActiveCfg = Release|Any CPU
		{48B0D6CB-CBD0-45B9-A636-92147F324CF5}.Release|Any CPU.Build.0 = Release|Any CPU
	EndGlobalSection
	GlobalSection(SolutionProperties) = preSolution
		HideSolutionNode = FALSE
	EndGlobalSection
	GlobalSection(ExtensibilityGlobals) = postSolution
		SolutionGuid = {45AD0C19-538C-4CBE-BD46-7E35B5281DDC}
	EndGlobalSection
EndGlobal
