
Microsoft Visual Studio Solution File, Format Version 12.00
# Visual Studio Version 17
VisualStudioVersion = 17.7.34024.191
MinimumVisualStudioVersion = 10.0.40219.1
Project("{9A19103F-16F7-4668-BE54-9A1E7A4F7556}") = "FPTUniversityConsole", "FPTUniversityConsole\FPTUniversityConsole.csproj", "{9A322C67-FDE8-455C-98D8-DC271D5FA45B}"
EndProject
Project("{9A19103F-16F7-4668-BE54-9A1E7A4F7556}") = "FPTUniversityLibrary", "FPTUniversityLibrary\FPTUniversityLibrary.csproj", "{44CBC2B9-4984-4ACD-AF8B-B536985F0A95}"
EndProject
Project("{9A19103F-16F7-4668-BE54-9A1E7A4F7556}") = "FPTUniversityWinApp", "FPTUniversityWinApp\FPTUniversityWinApp.csproj", "{E5A2B2DD-A4E5-4EDC-8856-8B3AE2B74062}"
EndProject
Project("{FAE04EC0-301F-11D3-BF4B-00C04F79EFBC}") = "FPTUniversityWebApp", "FPTUniversityWebApp\FPTUniversityWebApp.csproj", "{5260F9BD-AA7E-4290-B4AE-321D494291B1}"
EndProject
Global
	GlobalSection(SolutionConfigurationPlatforms) = preSolution
		Debug|Any CPU = Debug|Any CPU
		Release|Any CPU = Release|Any CPU
	EndGlobalSection
	GlobalSection(ProjectConfigurationPlatforms) = postSolution
		{9A322C67-FDE8-455C-98D8-DC271D5FA45B}.Debug|Any CPU.ActiveCfg = Debug|Any CPU
		{9A322C67-FDE8-455C-98D8-DC271D5FA45B}.Debug|Any CPU.Build.0 = Debug|Any CPU
		{9A322C67-FDE8-455C-98D8-DC271D5FA45B}.Release|Any CPU.ActiveCfg = Release|Any CPU
		{9A322C67-FDE8-455C-98D8-DC271D5FA45B}.Release|Any CPU.Build.0 = Release|Any CPU
		{44CBC2B9-4984-4ACD-AF8B-B536985F0A95}.Debug|Any CPU.ActiveCfg = Debug|Any CPU
		{44CBC2B9-4984-4ACD-AF8B-B536985F0A95}.Debug|Any CPU.Build.0 = Debug|Any CPU
		{44CBC2B9-4984-4ACD-AF8B-B536985F0A95}.Release|Any CPU.ActiveCfg = Release|Any CPU
		{44CBC2B9-4984-4ACD-AF8B-B536985F0A95}.Release|Any CPU.Build.0 = Release|Any CPU
		{E5A2B2DD-A4E5-4EDC-8856-8B3AE2B74062}.Debug|Any CPU.ActiveCfg = Debug|Any CPU
		{E5A2B2DD-A4E5-4EDC-8856-8B3AE2B74062}.Debug|Any CPU.Build.0 = Debug|Any CPU
		{E5A2B2DD-A4E5-4EDC-8856-8B3AE2B74062}.Release|Any CPU.ActiveCfg = Release|Any CPU
		{E5A2B2DD-A4E5-4EDC-8856-8B3AE2B74062}.Release|Any CPU.Build.0 = Release|Any CPU
		{5260F9BD-AA7E-4290-B4AE-321D494291B1}.Debug|Any CPU.ActiveCfg = Debug|Any CPU
		{5260F9BD-AA7E-4290-B4AE-321D494291B1}.Debug|Any CPU.Build.0 = Debug|Any CPU
		{5260F9BD-AA7E-4290-B4AE-321D494291B1}.Release|Any CPU.ActiveCfg = Release|Any CPU
		{5260F9BD-AA7E-4290-B4AE-321D494291B1}.Release|Any CPU.Build.0 = Release|Any CPU
	EndGlobalSection
	GlobalSection(SolutionProperties) = preSolution
		HideSolutionNode = FALSE
	EndGlobalSection
	GlobalSection(ExtensibilityGlobals) = postSolution
		SolutionGuid = {52BBE449-3016-4C51-959B-12F14AA2F24F}
	EndGlobalSection
EndGlobal
