
Microsoft Visual Studio Solution File, Format Version 12.00
# Visual Studio Version 17
VisualStudioVersion = 17.7.34024.191
MinimumVisualStudioVersion = 10.0.40219.1
Project("{FAE04EC0-301F-11D3-BF4B-00C04F79EFBC}") = "12.Slot12_WinformApp_2", "12.Slot12_WinformApp_2\12.Slot12_WinformApp_2.csproj", "{2237ECE3-495D-46A0-BE0A-FC4B079F1D21}"
EndProject
Global
	GlobalSection(SolutionConfigurationPlatforms) = preSolution
		Debug|Any CPU = Debug|Any CPU
		Release|Any CPU = Release|Any CPU
	EndGlobalSection
	GlobalSection(ProjectConfigurationPlatforms) = postSolution
		{2237ECE3-495D-46A0-BE0A-FC4B079F1D21}.Debug|Any CPU.ActiveCfg = Debug|Any CPU
		{2237ECE3-495D-46A0-BE0A-FC4B079F1D21}.Debug|Any CPU.Build.0 = Debug|Any CPU
		{2237ECE3-495D-46A0-BE0A-FC4B079F1D21}.Release|Any CPU.ActiveCfg = Release|Any CPU
		{2237ECE3-495D-46A0-BE0A-FC4B079F1D21}.Release|Any CPU.Build.0 = Release|Any CPU
	EndGlobalSection
	GlobalSection(SolutionProperties) = preSolution
		HideSolutionNode = FALSE
	EndGlobalSection
	GlobalSection(ExtensibilityGlobals) = postSolution
		SolutionGuid = {A93F2B53-A649-48B0-AA95-3EF6073289E1}
	EndGlobalSection
EndGlobal
