
Microsoft Visual Studio Solution File, Format Version 12.00
# Visual Studio Version 17
VisualStudioVersion = 17.7.34024.191
MinimumVisualStudioVersion = 10.0.40219.1
Project("{FAE04EC0-301F-11D3-BF4B-00C04F79EFBC}") = "03.Slot3_OOP", "03.Slot3_OOP\03.Slot3_OOP.csproj", "{7368E88F-62A7-47C0-A958-685AC28DE408}"
EndProject
Global
	GlobalSection(SolutionConfigurationPlatforms) = preSolution
		Debug|Any CPU = Debug|Any CPU
		Release|Any CPU = Release|Any CPU
	EndGlobalSection
	GlobalSection(ProjectConfigurationPlatforms) = postSolution
		{7368E88F-62A7-47C0-A958-685AC28DE408}.Debug|Any CPU.ActiveCfg = Debug|Any CPU
		{7368E88F-62A7-47C0-A958-685AC28DE408}.Debug|Any CPU.Build.0 = Debug|Any CPU
		{7368E88F-62A7-47C0-A958-685AC28DE408}.Release|Any CPU.ActiveCfg = Release|Any CPU
		{7368E88F-62A7-47C0-A958-685AC28DE408}.Release|Any CPU.Build.0 = Release|Any CPU
	EndGlobalSection
	GlobalSection(SolutionProperties) = preSolution
		HideSolutionNode = FALSE
	EndGlobalSection
	GlobalSection(ExtensibilityGlobals) = postSolution
		SolutionGuid = {5129C782-0273-4259-9F1D-9AFA1ED268A3}
	EndGlobalSection
EndGlobal
