
Microsoft Visual Studio Solution File, Format Version 12.00
# Visual Studio Version 17
VisualStudioVersion = 17.7.34024.191
MinimumVisualStudioVersion = 10.0.40219.1
Project("{FAE04EC0-301F-11D3-BF4B-00C04F79EFBC}") = "Majority number", "Majority number\Majority number.csproj", "{EDECED92-F2F5-4C82-9A50-4FF268726F90}"
EndProject
Global
	GlobalSection(SolutionConfigurationPlatforms) = preSolution
		Debug|Any CPU = Debug|Any CPU
		Release|Any CPU = Release|Any CPU
	EndGlobalSection
	GlobalSection(ProjectConfigurationPlatforms) = postSolution
		{EDECED92-F2F5-4C82-9A50-4FF268726F90}.Debug|Any CPU.ActiveCfg = Debug|Any CPU
		{EDECED92-F2F5-4C82-9A50-4FF268726F90}.Debug|Any CPU.Build.0 = Debug|Any CPU
		{EDECED92-F2F5-4C82-9A50-4FF268726F90}.Release|Any CPU.ActiveCfg = Release|Any CPU
		{EDECED92-F2F5-4C82-9A50-4FF268726F90}.Release|Any CPU.Build.0 = Release|Any CPU
	EndGlobalSection
	GlobalSection(SolutionProperties) = preSolution
		HideSolutionNode = FALSE
	EndGlobalSection
	GlobalSection(ExtensibilityGlobals) = postSolution
		SolutionGuid = {BCBEE674-3DC3-430D-843A-65BF74D7B15D}
	EndGlobalSection
EndGlobal
