
Microsoft Visual Studio Solution File, Format Version 12.00
# Visual Studio Version 17
VisualStudioVersion = 17.7.34024.191
MinimumVisualStudioVersion = 10.0.40219.1
Project("{9A19103F-16F7-4668-BE54-9A1E7A4F7556}") = "DemoDataProviderFactory", "DemoDataProviderFactory\DemoDataProviderFactory.csproj", "{C4A4E688-B2D3-4827-BC77-9C96233FB02C}"
EndProject
Project("{FAE04EC0-301F-11D3-BF4B-00C04F79EFBC}") = "DemoDataProviderWinform", "DemoDataProviderWinform\DemoDataProviderWinform.csproj", "{4E7BDE02-E0E2-4CD9-90D4-3EC7475867F0}"
EndProject
Global
	GlobalSection(SolutionConfigurationPlatforms) = preSolution
		Debug|Any CPU = Debug|Any CPU
		Release|Any CPU = Release|Any CPU
	EndGlobalSection
	GlobalSection(ProjectConfigurationPlatforms) = postSolution
		{C4A4E688-B2D3-4827-BC77-9C96233FB02C}.Debug|Any CPU.ActiveCfg = Debug|Any CPU
		{C4A4E688-B2D3-4827-BC77-9C96233FB02C}.Debug|Any CPU.Build.0 = Debug|Any CPU
		{C4A4E688-B2D3-4827-BC77-9C96233FB02C}.Release|Any CPU.ActiveCfg = Release|Any CPU
		{C4A4E688-B2D3-4827-BC77-9C96233FB02C}.Release|Any CPU.Build.0 = Release|Any CPU
		{4E7BDE02-E0E2-4CD9-90D4-3EC7475867F0}.Debug|Any CPU.ActiveCfg = Debug|Any CPU
		{4E7BDE02-E0E2-4CD9-90D4-3EC7475867F0}.Debug|Any CPU.Build.0 = Debug|Any CPU
		{4E7BDE02-E0E2-4CD9-90D4-3EC7475867F0}.Release|Any CPU.ActiveCfg = Release|Any CPU
		{4E7BDE02-E0E2-4CD9-90D4-3EC7475867F0}.Release|Any CPU.Build.0 = Release|Any CPU
	EndGlobalSection
	GlobalSection(SolutionProperties) = preSolution
		HideSolutionNode = FALSE
	EndGlobalSection
	GlobalSection(ExtensibilityGlobals) = postSolution
		SolutionGuid = {9C9B2985-D24A-4054-8647-983B1CDF8562}
	EndGlobalSection
EndGlobal
