
Microsoft Visual Studio Solution File, Format Version 12.00
# Visual Studio Version 17
VisualStudioVersion = 17.7.34024.191
MinimumVisualStudioVersion = 10.0.40219.1
Project("{FAE04EC0-301F-11D3-BF4B-00C04F79EFBC}") = "PRNWeb_MVC_2_Using_EF", "PRNWeb_MVC_2_Using_EF\PRNWeb_MVC_2_Using_EF.csproj", "{114264A8-113B-4818-8BF8-8E0DFBDD4F5F}"
EndProject
Project("{FAE04EC0-301F-11D3-BF4B-00C04F79EFBC}") = "Library", "Library\Library.csproj", "{BF46B245-8244-4EB9-96C8-63A7ED7C4073}"
EndProject
Global
	GlobalSection(SolutionConfigurationPlatforms) = preSolution
		Debug|Any CPU = Debug|Any CPU
		Release|Any CPU = Release|Any CPU
	EndGlobalSection
	GlobalSection(ProjectConfigurationPlatforms) = postSolution
		{114264A8-113B-4818-8BF8-8E0DFBDD4F5F}.Debug|Any CPU.ActiveCfg = Debug|Any CPU
		{114264A8-113B-4818-8BF8-8E0DFBDD4F5F}.Debug|Any CPU.Build.0 = Debug|Any CPU
		{114264A8-113B-4818-8BF8-8E0DFBDD4F5F}.Release|Any CPU.ActiveCfg = Release|Any CPU
		{114264A8-113B-4818-8BF8-8E0DFBDD4F5F}.Release|Any CPU.Build.0 = Release|Any CPU
		{BF46B245-8244-4EB9-96C8-63A7ED7C4073}.Debug|Any CPU.ActiveCfg = Debug|Any CPU
		{BF46B245-8244-4EB9-96C8-63A7ED7C4073}.Debug|Any CPU.Build.0 = Debug|Any CPU
		{BF46B245-8244-4EB9-96C8-63A7ED7C4073}.Release|Any CPU.ActiveCfg = Release|Any CPU
		{BF46B245-8244-4EB9-96C8-63A7ED7C4073}.Release|Any CPU.Build.0 = Release|Any CPU
	EndGlobalSection
	GlobalSection(SolutionProperties) = preSolution
		HideSolutionNode = FALSE
	EndGlobalSection
	GlobalSection(ExtensibilityGlobals) = postSolution
		SolutionGuid = {4F297944-41AC-4FEB-8FE5-E392A2993C8F}
	EndGlobalSection
EndGlobal
