
Microsoft Visual Studio Solution File, Format Version 12.00
# Visual Studio Version 17
VisualStudioVersion = 17.7.34024.191
MinimumVisualStudioVersion = 10.0.40219.1
Project("{9A19103F-16F7-4668-BE54-9A1E7A4F7556}") = "Data_Access", "Data_Access\Data_Access.csproj", "{BD8081E5-A7F2-4D9F-BB27-14BD9520B0FB}"
EndProject
Project("{9A19103F-16F7-4668-BE54-9A1E7A4F7556}") = "NewsApp", "NewsApp\NewsApp.csproj", "{23B26583-095D-4C48-961F-BD96EAF1E260}"
EndProject
Project("{FAE04EC0-301F-11D3-BF4B-00C04F79EFBC}") = "MVC_News_App", "MVC_News_App\MVC_News_App.csproj", "{8B3B797A-EC11-4866-990A-06244FDB5839}"
EndProject
Project("{2150E333-8FDC-42A3-9474-1A3956D46DE8}") = "WinformApp", "WinformApp", "{794039BA-BD48-4D54-862A-BD32617BF765}"
EndProject
Global
	GlobalSection(SolutionConfigurationPlatforms) = preSolution
		Debug|Any CPU = Debug|Any CPU
		Release|Any CPU = Release|Any CPU
	EndGlobalSection
	GlobalSection(ProjectConfigurationPlatforms) = postSolution
		{BD8081E5-A7F2-4D9F-BB27-14BD9520B0FB}.Debug|Any CPU.ActiveCfg = Debug|Any CPU
		{BD8081E5-A7F2-4D9F-BB27-14BD9520B0FB}.Debug|Any CPU.Build.0 = Debug|Any CPU
		{BD8081E5-A7F2-4D9F-BB27-14BD9520B0FB}.Release|Any CPU.ActiveCfg = Release|Any CPU
		{BD8081E5-A7F2-4D9F-BB27-14BD9520B0FB}.Release|Any CPU.Build.0 = Release|Any CPU
		{23B26583-095D-4C48-961F-BD96EAF1E260}.Debug|Any CPU.ActiveCfg = Debug|Any CPU
		{23B26583-095D-4C48-961F-BD96EAF1E260}.Debug|Any CPU.Build.0 = Debug|Any CPU
		{23B26583-095D-4C48-961F-BD96EAF1E260}.Release|Any CPU.ActiveCfg = Release|Any CPU
		{23B26583-095D-4C48-961F-BD96EAF1E260}.Release|Any CPU.Build.0 = Release|Any CPU
		{8B3B797A-EC11-4866-990A-06244FDB5839}.Debug|Any CPU.ActiveCfg = Debug|Any CPU
		{8B3B797A-EC11-4866-990A-06244FDB5839}.Debug|Any CPU.Build.0 = Debug|Any CPU
		{8B3B797A-EC11-4866-990A-06244FDB5839}.Release|Any CPU.ActiveCfg = Release|Any CPU
		{8B3B797A-EC11-4866-990A-06244FDB5839}.Release|Any CPU.Build.0 = Release|Any CPU
	EndGlobalSection
	GlobalSection(SolutionProperties) = preSolution
		HideSolutionNode = FALSE
	EndGlobalSection
	GlobalSection(NestedProjects) = preSolution
		{BD8081E5-A7F2-4D9F-BB27-14BD9520B0FB} = {794039BA-BD48-4D54-862A-BD32617BF765}
		{23B26583-095D-4C48-961F-BD96EAF1E260} = {794039BA-BD48-4D54-862A-BD32617BF765}
	EndGlobalSection
	GlobalSection(ExtensibilityGlobals) = postSolution
		SolutionGuid = {F4030BA0-8477-4C14-AD04-B1BEFFD695C2}
	EndGlobalSection
EndGlobal
